
Microsoft Visual Studio Solution File, Format Version 12.00
# Visual Studio Version 17
VisualStudioVersion = 17.2.32616.157
MinimumVisualStudioVersion = 10.0.40219.1
Project("{9A19103F-16F7-4668-BE54-9A1E7A4F7556}") = "ConsoleApp1", "ConsoleApp1\ConsoleApp1.csproj", "{BF5B51B0-196F-402E-99FB-22AFD316BE75}"
EndProject
Project("{9A19103F-16F7-4668-BE54-9A1E7A4F7556}") = "ConsoleAppTest", "ConsoleAppTest\ConsoleAppTest.csproj", "{23E1376E-D416-4C36-8BC0-F5F79A5292AE}"
EndProject
Project("{2150E333-8FDC-42A3-9474-1A3956D46DE8}") = "src", "src", "{D3AED026-8478-4B41-9B33-CB0273E76967}"
EndProject
Project("{2150E333-8FDC-42A3-9474-1A3956D46DE8}") = "tests", "tests", "{8A338815-2438-4F0E-9B01-BA6F5FB9C2FF}"
EndProject
Global
	GlobalSection(SolutionConfigurationPlatforms) = preSolution
		Debug|Any CPU = Debug|Any CPU
		Release|Any CPU = Release|Any CPU
	EndGlobalSection
	GlobalSection(ProjectConfigurationPlatforms) = postSolution
		{BF5B51B0-196F-402E-99FB-22AFD316BE75}.Debug|Any CPU.ActiveCfg = Debug|Any CPU
		{BF5B51B0-196F-402E-99FB-22AFD316BE75}.Debug|Any CPU.Build.0 = Debug|Any CPU
		{BF5B51B0-196F-402E-99FB-22AFD316BE75}.Release|Any CPU.ActiveCfg = Release|Any CPU
		{BF5B51B0-196F-402E-99FB-22AFD316BE75}.Release|Any CPU.Build.0 = Release|Any CPU
		{23E1376E-D416-4C36-8BC0-F5F79A5292AE}.Debug|Any CPU.ActiveCfg = Debug|Any CPU
		{23E1376E-D416-4C36-8BC0-F5F79A5292AE}.Debug|Any CPU.Build.0 = Debug|Any CPU
		{23E1376E-D416-4C36-8BC0-F5F79A5292AE}.Release|Any CPU.ActiveCfg = Release|Any CPU
		{23E1376E-D416-4C36-8BC0-F5F79A5292AE}.Release|Any CPU.Build.0 = Release|Any CPU
	EndGlobalSection
	GlobalSection(SolutionProperties) = preSolution
		HideSolutionNode = FALSE
	EndGlobalSection
	GlobalSection(NestedProjects) = preSolution
		{BF5B51B0-196F-402E-99FB-22AFD316BE75} = {D3AED026-8478-4B41-9B33-CB0273E76967}
		{23E1376E-D416-4C36-8BC0-F5F79A5292AE} = {8A338815-2438-4F0E-9B01-BA6F5FB9C2FF}
	EndGlobalSection
	GlobalSection(ExtensibilityGlobals) = postSolution
		SolutionGuid = {E0580C9A-B9B9-4CEE-AACB-04CD0AFB3668}
	EndGlobalSection
EndGlobal
